
Microsoft Visual Studio Solution File, Format Version 12.00
# Visual Studio Version 17
VisualStudioVersion = 17.5.33627.172
MinimumVisualStudioVersion = 10.0.40219.1
Project("{FAE04EC0-301F-11D3-BF4B-00C04F79EFBC}") = "C#_Calculator", "C#_Calculator.csproj", "{A6D76FEA-FA0E-4DFA-BC32-CF09F08CA159}"
EndProject
Global
	GlobalSection(SolutionConfigurationPlatforms) = preSolution
		Debug|Any CPU = Debug|Any CPU
		Release|Any CPU = Release|Any CPU
	EndGlobalSection
	GlobalSection(ProjectConfigurationPlatforms) = postSolution
		{A6D76FEA-FA0E-4DFA-BC32-CF09F08CA159}.Debug|Any CPU.ActiveCfg = Debug|Any CPU
		{A6D76FEA-FA0E-4DFA-BC32-CF09F08CA159}.Debug|Any CPU.Build.0 = Debug|Any CPU
		{A6D76FEA-FA0E-4DFA-BC32-CF09F08CA159}.Release|Any CPU.ActiveCfg = Release|Any CPU
		{A6D76FEA-FA0E-4DFA-BC32-CF09F08CA159}.Release|Any CPU.Build.0 = Release|Any CPU
	EndGlobalSection
	GlobalSection(SolutionProperties) = preSolution
		HideSolutionNode = FALSE
	EndGlobalSection
	GlobalSection(ExtensibilityGlobals) = postSolution
		SolutionGuid = {2B2EB307-DD1B-4C6C-A37F-B3D5BCC5855C}
	EndGlobalSection
EndGlobal
