
Microsoft Visual Studio Solution File, Format Version 12.00
# Visual Studio Version 17
VisualStudioVersion = 17.5.33627.172
MinimumVisualStudioVersion = 10.0.40219.1
Project("{FAE04EC0-301F-11D3-BF4B-00C04F79EFBC}") = "아브렐슈드 6관문 타일 계산기", "아브렐슈드 6관문 타일 계산기.csproj", "{972E1C4A-91B7-49C8-B77A-320A4B9A5C32}"
EndProject
Global
	GlobalSection(SolutionConfigurationPlatforms) = preSolution
		Debug|Any CPU = Debug|Any CPU
		Release|Any CPU = Release|Any CPU
	EndGlobalSection
	GlobalSection(ProjectConfigurationPlatforms) = postSolution
		{972E1C4A-91B7-49C8-B77A-320A4B9A5C32}.Debug|Any CPU.ActiveCfg = Debug|Any CPU
		{972E1C4A-91B7-49C8-B77A-320A4B9A5C32}.Debug|Any CPU.Build.0 = Debug|Any CPU
		{972E1C4A-91B7-49C8-B77A-320A4B9A5C32}.Release|Any CPU.ActiveCfg = Release|Any CPU
		{972E1C4A-91B7-49C8-B77A-320A4B9A5C32}.Release|Any CPU.Build.0 = Release|Any CPU
	EndGlobalSection
	GlobalSection(SolutionProperties) = preSolution
		HideSolutionNode = FALSE
	EndGlobalSection
	GlobalSection(ExtensibilityGlobals) = postSolution
		SolutionGuid = {81E8AA34-5D1E-43D1-AA85-23C10642B24B}
	EndGlobalSection
EndGlobal
