
Microsoft Visual Studio Solution File, Format Version 12.00
# Visual Studio Version 17
VisualStudioVersion = 17.5.33627.172
MinimumVisualStudioVersion = 10.0.40219.1
Project("{FAE04EC0-301F-11D3-BF4B-00C04F79EFBC}") = "WindowsFormsApp1", "WindowsFormsApp1.csproj", "{944949E3-5618-42C0-A4CF-D09F446E4998}"
EndProject
Global
	GlobalSection(SolutionConfigurationPlatforms) = preSolution
		Debug|Any CPU = Debug|Any CPU
		Release|Any CPU = Release|Any CPU
	EndGlobalSection
	GlobalSection(ProjectConfigurationPlatforms) = postSolution
		{944949E3-5618-42C0-A4CF-D09F446E4998}.Debug|Any CPU.ActiveCfg = Debug|Any CPU
		{944949E3-5618-42C0-A4CF-D09F446E4998}.Debug|Any CPU.Build.0 = Debug|Any CPU
		{944949E3-5618-42C0-A4CF-D09F446E4998}.Release|Any CPU.ActiveCfg = Release|Any CPU
		{944949E3-5618-42C0-A4CF-D09F446E4998}.Release|Any CPU.Build.0 = Release|Any CPU
	EndGlobalSection
	GlobalSection(SolutionProperties) = preSolution
		HideSolutionNode = FALSE
	EndGlobalSection
	GlobalSection(ExtensibilityGlobals) = postSolution
		SolutionGuid = {01D06A67-B74C-42C6-B177-7FA659501AE4}
	EndGlobalSection
EndGlobal
